
Microsoft Visual Studio Solution File, Format Version 12.00
# Visual Studio Version 17
VisualStudioVersion = 17.3.32901.215
MinimumVisualStudioVersion = 10.0.40219.1
Project("{FAE04EC0-301F-11D3-BF4B-00C04F79EFBC}") = "ExameKons", "ExameKons\ExameKons.csproj", "{5ADA0D51-408A-4A72-B348-5005B7487D9B}"
EndProject
Global
	GlobalSection(SolutionConfigurationPlatforms) = preSolution
		Debug|Any CPU = Debug|Any CPU
		Release|Any CPU = Release|Any CPU
	EndGlobalSection
	GlobalSection(ProjectConfigurationPlatforms) = postSolution
		{5ADA0D51-408A-4A72-B348-5005B7487D9B}.Debug|Any CPU.ActiveCfg = Debug|Any CPU
		{5ADA0D51-408A-4A72-B348-5005B7487D9B}.Debug|Any CPU.Build.0 = Debug|Any CPU
		{5ADA0D51-408A-4A72-B348-5005B7487D9B}.Release|Any CPU.ActiveCfg = Release|Any CPU
		{5ADA0D51-408A-4A72-B348-5005B7487D9B}.Release|Any CPU.Build.0 = Release|Any CPU
	EndGlobalSection
	GlobalSection(SolutionProperties) = preSolution
		HideSolutionNode = FALSE
	EndGlobalSection
	GlobalSection(ExtensibilityGlobals) = postSolution
		SolutionGuid = {E3FEEF88-D2DA-4762-8818-44211E497EFB}
	EndGlobalSection
EndGlobal
